# THIS IS AN AUTOGENERATED FILE. DO NOT EDIT THIS FILE DIRECTLY.
# yarn lockfile v1


squel@^5.13.0:
  version "5.13.0"
  resolved "https://registry.yarnpkg.com/squel/-/squel-5.13.0.tgz#09cc73e91f0d0e326482605ee76e3b7ac881ddf6"
  integrity sha512-Fzd8zqbuqNwzodO3yO6MkX8qiDoVBuwqAaa3eKNz4idhBf24IQHbatBhLUiHAGGl962eGvPVRxzRuFWZlSf49w==
